
Microsoft Visual Studio Solution File, Format Version 11.00
# Visual Studio 2010
Project("{FAE04EC0-301F-11D3-BF4B-00C04F79EFBC}") = "StickerMachine", "Assembly-CSharp.csproj", "{80D76820-B02B-D0EC-6ABA-C73029CF1D64}"
EndProject
Global
	GlobalSection(SolutionConfigurationPlatforms) = preSolution
		Debug|Any CPU = Debug|Any CPU
		Release|Any CPU = Release|Any CPU
	EndGlobalSection
	GlobalSection(ProjectConfigurationPlatforms) = postSolution
		{80D76820-B02B-D0EC-6ABA-C73029CF1D64}.Debug|Any CPU.ActiveCfg = Debug|Any CPU
		{80D76820-B02B-D0EC-6ABA-C73029CF1D64}.Debug|Any CPU.Build.0 = Debug|Any CPU
		{80D76820-B02B-D0EC-6ABA-C73029CF1D64}.Release|Any CPU.ActiveCfg = Release|Any CPU
		{80D76820-B02B-D0EC-6ABA-C73029CF1D64}.Release|Any CPU.Build.0 = Release|Any CPU
	EndGlobalSection
	GlobalSection(SolutionProperties) = preSolution
		HideSolutionNode = FALSE
	EndGlobalSection
	GlobalSection(MonoDevelopProperties) = preSolution
		StartupItem = Assembly-CSharp.csproj
	EndGlobalSection
EndGlobal
